
Microsoft Visual Studio Solution File, Format Version 12.00
# Visual Studio Version 17
VisualStudioVersion = 17.5.33627.172
MinimumVisualStudioVersion = 10.0.40219.1
Project("{FAE04EC0-301F-11D3-BF4B-00C04F79EFBC}") = "PromotionWPF", "PromotionWPF\PromotionWPF.csproj", "{2DBBE87C-931F-4BE8-9E18-3490B8A4A7CF}"
EndProject
Global
	GlobalSection(SolutionConfigurationPlatforms) = preSolution
		Debug|Any CPU = Debug|Any CPU
		Release|Any CPU = Release|Any CPU
	EndGlobalSection
	GlobalSection(ProjectConfigurationPlatforms) = postSolution
		{2DBBE87C-931F-4BE8-9E18-3490B8A4A7CF}.Debug|Any CPU.ActiveCfg = Debug|Any CPU
		{2DBBE87C-931F-4BE8-9E18-3490B8A4A7CF}.Debug|Any CPU.Build.0 = Debug|Any CPU
		{2DBBE87C-931F-4BE8-9E18-3490B8A4A7CF}.Release|Any CPU.ActiveCfg = Release|Any CPU
		{2DBBE87C-931F-4BE8-9E18-3490B8A4A7CF}.Release|Any CPU.Build.0 = Release|Any CPU
	EndGlobalSection
	GlobalSection(SolutionProperties) = preSolution
		HideSolutionNode = FALSE
	EndGlobalSection
	GlobalSection(ExtensibilityGlobals) = postSolution
		SolutionGuid = {CABF8E24-DD63-4448-8BCE-A4C6CBC1D400}
	EndGlobalSection
EndGlobal
